{
  "nodes": {
    "autoslot": {
      "flake": false,
      "locked": {
        "lastModified": 1671683541,
        "narHash": "sha256-fG4rRwRubJt2aXChEsMybEKal6LscZI7GA2uwtK5Vtg=",
        "owner": "cjrh",
        "repo": "autoslot",
        "rev": "44b374fb63f428508d665842dd6e72c992b36892",
        "type": "github"
      },
      "original": {
        "owner": "cjrh",
        "ref": "v2022.12.1",
        "repo": "autoslot",
        "type": "github"
      }
    },
    "click-aliases": {
      "flake": false,
      "locked": {
        "lastModified": 1685135650,
        "narHash": "sha256-+pNXmcDhqRw3Y/8F5hrbU7RB71AZr0i1nRxm9hWMfuo=",
        "owner": "click-contrib",
        "repo": "click-aliases",
        "rev": "7fa1e5d98f289871985fa25f6eb174b7ca85496b",
        "type": "github"
      },
      "original": {
        "owner": "click-contrib",
        "repo": "click-aliases",
        "type": "github"
      }
    },
    "devenv": {
      "inputs": {
        "flake-compat": "flake-compat",
        "nix": "nix",
        "nixpkgs": "nixpkgs",
        "pre-commit-hooks": "pre-commit-hooks"
      },
      "locked": {
        "lastModified": 1693830477,
        "narHash": "sha256-6j1oNRpjGseDbgg6mJ9H3gmX5U+VAubOLV+iFL9WW30=",
        "owner": "cachix",
        "repo": "devenv",
        "rev": "f839f486b98609f3477c0410b31a6f831b390d48",
        "type": "github"
      },
      "original": {
        "owner": "cachix",
        "repo": "devenv",
        "type": "github"
      }
    },
    "dhall-python": {
      "flake": false,
      "locked": {
        "lastModified": 1689895655,
        "narHash": "sha256-IIyocpdouSHe19cEqSPBD7IeQVfgi8r64WfNm1QPNFY=",
        "owner": "s-zeng",
        "repo": "dhall-python",
        "rev": "9d3ca74e67129a29b3e824ae82f6dab8e28e9b52",
        "type": "github"
      },
      "original": {
        "owner": "s-zeng",
        "repo": "dhall-python",
        "rev": "9d3ca74e67129a29b3e824ae82f6dab8e28e9b52",
        "type": "github"
      }
    },
    "flake-compat": {
      "flake": false,
      "locked": {
        "lastModified": 1673956053,
        "narHash": "sha256-4gtG9iQuiKITOjNQQeQIpoIB6b16fm+504Ch3sNKLd8=",
        "owner": "edolstra",
        "repo": "flake-compat",
        "rev": "35bb57c0c8d8b62bbfd284272c928ceb64ddbde9",
        "type": "github"
      },
      "original": {
        "owner": "edolstra",
        "repo": "flake-compat",
        "type": "github"
      }
    },
    "flake-compat_2": {
      "flake": false,
      "locked": {
        "lastModified": 1673956053,
        "narHash": "sha256-4gtG9iQuiKITOjNQQeQIpoIB6b16fm+504Ch3sNKLd8=",
        "owner": "edolstra",
        "repo": "flake-compat",
        "rev": "35bb57c0c8d8b62bbfd284272c928ceb64ddbde9",
        "type": "github"
      },
      "original": {
        "owner": "edolstra",
        "repo": "flake-compat",
        "type": "github"
      }
    },
    "flake-utils": {
      "inputs": {
        "systems": "systems"
      },
      "locked": {
        "lastModified": 1685518550,
        "narHash": "sha256-o2d0KcvaXzTrPRIo0kOLV0/QXHhDQ5DTi+OxcjO8xqY=",
        "owner": "numtide",
        "repo": "flake-utils",
        "rev": "a1720a10a6cfe8234c0e93907ffe81be440f4cef",
        "type": "github"
      },
      "original": {
        "owner": "numtide",
        "repo": "flake-utils",
        "type": "github"
      }
    },
    "flake-utils-plus": {
      "inputs": {
        "flake-utils": "flake-utils_3"
      },
      "locked": {
        "lastModified": 1657226504,
        "narHash": "sha256-GIYNjuq4mJlFgqKsZ+YrgzWm0IpA4axA3MCrdKYj7gs=",
        "owner": "gytis-ivaskevicius",
        "repo": "flake-utils-plus",
        "rev": "2bf0f91643c2e5ae38c1b26893ac2927ac9bd82a",
        "type": "github"
      },
      "original": {
        "owner": "gytis-ivaskevicius",
        "repo": "flake-utils-plus",
        "type": "github"
      }
    },
    "flake-utils_2": {
      "inputs": {
        "systems": "systems_2"
      },
      "locked": {
        "lastModified": 1692799911,
        "narHash": "sha256-3eihraek4qL744EvQXsK1Ha6C3CR7nnT8X2qWap4RNk=",
        "owner": "numtide",
        "repo": "flake-utils",
        "rev": "f9e7cf818399d17d347f847525c5a5a8032e4e44",
        "type": "github"
      },
      "original": {
        "owner": "numtide",
        "repo": "flake-utils",
        "type": "github"
      }
    },
    "flake-utils_3": {
      "locked": {
        "lastModified": 1644229661,
        "narHash": "sha256-1YdnJAsNy69bpcjuoKdOYQX0YxZBiCYZo4Twxerqv7k=",
        "owner": "numtide",
        "repo": "flake-utils",
        "rev": "3cecb5b042f7f209c56ffd8371b2711a290ec797",
        "type": "github"
      },
      "original": {
        "owner": "numtide",
        "repo": "flake-utils",
        "type": "github"
      }
    },
    "gitignore": {
      "inputs": {
        "nixpkgs": [
          "devenv",
          "pre-commit-hooks",
          "nixpkgs"
        ]
      },
      "locked": {
        "lastModified": 1660459072,
        "narHash": "sha256-8DFJjXG8zqoONA1vXtgeKXy68KdJL5UaXR8NtVMUbx8=",
        "owner": "hercules-ci",
        "repo": "gitignore.nix",
        "rev": "a20de23b925fd8264fd7fad6454652e142fd7f73",
        "type": "github"
      },
      "original": {
        "owner": "hercules-ci",
        "repo": "gitignore.nix",
        "type": "github"
      }
    },
    "lowdown-src": {
      "flake": false,
      "locked": {
        "lastModified": 1633514407,
        "narHash": "sha256-Dw32tiMjdK9t3ETl5fzGrutQTzh2rufgZV4A/BbxuD4=",
        "owner": "kristapsdz",
        "repo": "lowdown",
        "rev": "d2c2b44ff6c27b936ec27358a2653caaef8f73b8",
        "type": "github"
      },
      "original": {
        "owner": "kristapsdz",
        "repo": "lowdown",
        "type": "github"
      }
    },
    "nix": {
      "inputs": {
        "lowdown-src": "lowdown-src",
        "nixpkgs": [
          "devenv",
          "nixpkgs"
        ],
        "nixpkgs-regression": "nixpkgs-regression"
      },
      "locked": {
        "lastModified": 1676545802,
        "narHash": "sha256-EK4rZ+Hd5hsvXnzSzk2ikhStJnD63odF7SzsQ8CuSPU=",
        "owner": "domenkozar",
        "repo": "nix",
        "rev": "7c91803598ffbcfe4a55c44ac6d49b2cf07a527f",
        "type": "github"
      },
      "original": {
        "owner": "domenkozar",
        "ref": "relaxed-flakes",
        "repo": "nix",
        "type": "github"
      }
    },
    "nixpkgs": {
      "locked": {
        "lastModified": 1678875422,
        "narHash": "sha256-T3o6NcQPwXjxJMn2shz86Chch4ljXgZn746c2caGxd8=",
        "owner": "NixOS",
        "repo": "nixpkgs",
        "rev": "126f49a01de5b7e35a43fd43f891ecf6d3a51459",
        "type": "github"
      },
      "original": {
        "owner": "NixOS",
        "ref": "nixpkgs-unstable",
        "repo": "nixpkgs",
        "type": "github"
      }
    },
    "nixpkgs-regression": {
      "locked": {
        "lastModified": 1643052045,
        "narHash": "sha256-uGJ0VXIhWKGXxkeNnq4TvV3CIOkUJ3PAoLZ3HMzNVMw=",
        "owner": "NixOS",
        "repo": "nixpkgs",
        "rev": "215d4d0fd80ca5163643b03a33fde804a29cc1e2",
        "type": "github"
      },
      "original": {
        "owner": "NixOS",
        "repo": "nixpkgs",
        "rev": "215d4d0fd80ca5163643b03a33fde804a29cc1e2",
        "type": "github"
      }
    },
    "nixpkgs-stable": {
      "locked": {
        "lastModified": 1685801374,
        "narHash": "sha256-otaSUoFEMM+LjBI1XL/xGB5ao6IwnZOXc47qhIgJe8U=",
        "owner": "NixOS",
        "repo": "nixpkgs",
        "rev": "c37ca420157f4abc31e26f436c1145f8951ff373",
        "type": "github"
      },
      "original": {
        "owner": "NixOS",
        "ref": "nixos-23.05",
        "repo": "nixpkgs",
        "type": "github"
      }
    },
    "nixpkgs_2": {
      "locked": {
        "lastModified": 1693771906,
        "narHash": "sha256-32EnPCaVjOiEERZ+o/2Ir7JH9pkfwJZJ27SKHNvt4yk=",
        "owner": "nixos",
        "repo": "nixpkgs",
        "rev": "da5adce0ffaff10f6d0fee72a02a5ed9d01b52fc",
        "type": "github"
      },
      "original": {
        "owner": "nixos",
        "ref": "nixos-23.05",
        "repo": "nixpkgs",
        "type": "github"
      }
    },
    "orgparse": {
      "flake": false,
      "locked": {
        "lastModified": 1672865493,
        "narHash": "sha256-3LpprlaKApaiP/WH7R+g+TaXubVGNXkmTvJNV9MpO44=",
        "owner": "karlicoss",
        "repo": "orgparse",
        "rev": "e92a30109d91dcab6ab4a6ab906ce923a51830ad",
        "type": "github"
      },
      "original": {
        "owner": "karlicoss",
        "repo": "orgparse",
        "type": "github"
      }
    },
    "poetry2setup": {
      "flake": false,
      "locked": {
        "lastModified": 1673685719,
        "narHash": "sha256-0I4X1rkxDeDoGMG1gfphibJEvRAaDNRh7cgdLYSOTy8=",
        "owner": "syvlorg",
        "repo": "poetry2setup",
        "rev": "7451b296a7a855e8400d7f250bce4da6dba42399",
        "type": "github"
      },
      "original": {
        "owner": "syvlorg",
        "repo": "poetry2setup",
        "type": "github"
      }
    },
    "pre-commit-hooks": {
      "inputs": {
        "flake-compat": [
          "devenv",
          "flake-compat"
        ],
        "flake-utils": "flake-utils",
        "gitignore": "gitignore",
        "nixpkgs": [
          "devenv",
          "nixpkgs"
        ],
        "nixpkgs-stable": "nixpkgs-stable"
      },
      "locked": {
        "lastModified": 1688056373,
        "narHash": "sha256-2+SDlNRTKsgo3LBRiMUcoEUb6sDViRNQhzJquZ4koOI=",
        "owner": "cachix",
        "repo": "pre-commit-hooks.nix",
        "rev": "5843cf069272d92b60c3ed9e55b7a8989c01d4c7",
        "type": "github"
      },
      "original": {
        "owner": "cachix",
        "repo": "pre-commit-hooks.nix",
        "type": "github"
      }
    },
    "pytest-custom_exit_code": {
      "flake": false,
      "locked": {
        "lastModified": 1565170941,
        "narHash": "sha256-OkkW6JiuV9sjWzXBUhoZGhssjhru+Kt9g9f6i6G8xK0=",
        "owner": "yashtodi94",
        "repo": "pytest-custom_exit_code",
        "rev": "ac884e383ca8bf576f72add494369252ddad6744",
        "type": "github"
      },
      "original": {
        "owner": "yashtodi94",
        "ref": "0.3.0",
        "repo": "pytest-custom_exit_code",
        "type": "github"
      }
    },
    "pytest-hy": {
      "flake": false,
      "locked": {
        "lastModified": 1690847076,
        "narHash": "sha256-OVZJEm7F1AzI8IEQcNQqpaUaPEs93YQ2RvFPRwchLIo=",
        "owner": "syvlorg",
        "repo": "pytest-hy",
        "rev": "a9e2b307167ffad9be0ec53a9f4e832d5ba795ea",
        "type": "github"
      },
      "original": {
        "owner": "syvlorg",
        "repo": "pytest-hy",
        "type": "github"
      }
    },
    "pytest-ignore": {
      "flake": false,
      "locked": {
        "lastModified": 1691118482,
        "narHash": "sha256-iQ6FxGKHljY/NtGGsgXcl+mmlkKs9SgZd3yc84378BQ=",
        "owner": "syvlorg",
        "repo": "pytest-ignore",
        "rev": "0c2e11f6702a6119569ad1709f3c20849c82afe3",
        "type": "github"
      },
      "original": {
        "owner": "syvlorg",
        "repo": "pytest-ignore",
        "type": "github"
      }
    },
    "pytest-parametrized": {
      "flake": false,
      "locked": {
        "lastModified": 1603080728,
        "narHash": "sha256-vGh9YOdLhMAFTM6wk3E1od6eLLwS0Ng3KvAB5n/lFBI=",
        "owner": "coady",
        "repo": "pytest-parametrized",
        "rev": "359501ba14ca5780cfe9fc91efde1ed245615ae0",
        "type": "github"
      },
      "original": {
        "owner": "coady",
        "ref": "v1.3",
        "repo": "pytest-parametrized",
        "type": "github"
      }
    },
    "pytest-reverse": {
      "flake": false,
      "locked": {
        "lastModified": 1652276984,
        "narHash": "sha256-Es0qseUQzwXzQWN0AOC7/xfT9Mf7PuhnX7SkCgGlNqE=",
        "owner": "adamchainz",
        "repo": "pytest-reverse",
        "rev": "8a97aa119eed1adcbcbc0009059031c86b659a36",
        "type": "github"
      },
      "original": {
        "owner": "adamchainz",
        "ref": "1.5.0",
        "repo": "pytest-reverse",
        "type": "github"
      }
    },
    "root": {
      "inputs": {
        "autoslot": "autoslot",
        "click-aliases": "click-aliases",
        "devenv": "devenv",
        "dhall-python": "dhall-python",
        "flake-compat": "flake-compat_2",
        "flake-utils": "flake-utils_2",
        "flake-utils-plus": "flake-utils-plus",
        "nixpkgs": "nixpkgs_2",
        "orgparse": "orgparse",
        "poetry2setup": "poetry2setup",
        "pytest-custom_exit_code": "pytest-custom_exit_code",
        "pytest-hy": "pytest-hy",
        "pytest-ignore": "pytest-ignore",
        "pytest-parametrized": "pytest-parametrized",
        "pytest-reverse": "pytest-reverse",
        "sh": "sh"
      }
    },
    "sh": {
      "flake": false,
      "locked": {
        "lastModified": 1691630668,
        "narHash": "sha256-c4Ms4ydcW7LgmAI1WuYD74nzILuY/Xg+JePJe0q5AQQ=",
        "owner": "amoffat",
        "repo": "sh",
        "rev": "11ea5c852c108b1dc98bc415c6ae5a9419b5f67e",
        "type": "github"
      },
      "original": {
        "owner": "amoffat",
        "repo": "sh",
        "type": "github"
      }
    },
    "systems": {
      "locked": {
        "lastModified": 1681028828,
        "narHash": "sha256-Vy1rq5AaRuLzOxct8nz4T6wlgyUR7zLU309k9mBC768=",
        "owner": "nix-systems",
        "repo": "default",
        "rev": "da67096a3b9bf56a91d16901293e51ba5b49a27e",
        "type": "github"
      },
      "original": {
        "owner": "nix-systems",
        "repo": "default",
        "type": "github"
      }
    },
    "systems_2": {
      "locked": {
        "lastModified": 1681028828,
        "narHash": "sha256-Vy1rq5AaRuLzOxct8nz4T6wlgyUR7zLU309k9mBC768=",
        "owner": "nix-systems",
        "repo": "default",
        "rev": "da67096a3b9bf56a91d16901293e51ba5b49a27e",
        "type": "github"
      },
      "original": {
        "owner": "nix-systems",
        "repo": "default",
        "type": "github"
      }
    }
  },
  "root": "root",
  "version": 7
}
